
Microsoft Visual Studio Solution File, Format Version 12.00
# Visual Studio 14
VisualStudioVersion = 14.0.23107.0
MinimumVisualStudioVersion = 10.0.40219.1
Project("{9092AA53-FB77-4645-B42D-1CCCA6BD08BD}") = "chat", "chat\chat.njsproj", "{6CB919B7-64AB-4D97-903F-5E96F5AE2582}"
EndProject
Global
	GlobalSection(SolutionConfigurationPlatforms) = preSolution
		Debug|Any CPU = Debug|Any CPU
		Release|Any CPU = Release|Any CPU
	EndGlobalSection
	GlobalSection(ProjectConfigurationPlatforms) = postSolution
		{6CB919B7-64AB-4D97-903F-5E96F5AE2582}.Debug|Any CPU.ActiveCfg = Debug|Any CPU
		{6CB919B7-64AB-4D97-903F-5E96F5AE2582}.Debug|Any CPU.Build.0 = Debug|Any CPU
		{6CB919B7-64AB-4D97-903F-5E96F5AE2582}.Release|Any CPU.ActiveCfg = Release|Any CPU
		{6CB919B7-64AB-4D97-903F-5E96F5AE2582}.Release|Any CPU.Build.0 = Release|Any CPU
	EndGlobalSection
	GlobalSection(SolutionProperties) = preSolution
		HideSolutionNode = FALSE
	EndGlobalSection
EndGlobal
